
Microsoft Visual Studio Solution File, Format Version 12.00
# Visual Studio Version 16
VisualStudioVersion = 16.0.31911.196
MinimumVisualStudioVersion = 10.0.40219.1
Project("{9A19103F-16F7-4668-BE54-9A1E7A4F7556}") = "DataAccess", "DataAccess\DataAccess.csproj", "{63AEF578-D764-4B79-85D2-52F729FEB513}"
EndProject
Project("{9A19103F-16F7-4668-BE54-9A1E7A4F7556}") = "Business", "Business\Business.csproj", "{46442C6B-13F2-4982-B91E-62296A45E9FE}"
EndProject
Project("{9A19103F-16F7-4668-BE54-9A1E7A4F7556}") = "Entities", "Entities\Entities.csproj", "{C92E8AE8-3E27-4991-97A0-E5A91C79CDD9}"
EndProject
Project("{9A19103F-16F7-4668-BE54-9A1E7A4F7556}") = "ConsoleUI", "ConsoleUI\ConsoleUI.csproj", "{4763E033-B061-4A5C-B01D-B2FBBE564A2B}"
EndProject
Project("{9A19103F-16F7-4668-BE54-9A1E7A4F7556}") = "Core", "Core\Core.csproj", "{139BA7B2-21B2-411D-BB7E-99C21B9D0D77}"
EndProject
Project("{FAE04EC0-301F-11D3-BF4B-00C04F79EFBC}") = "WebAPI", "WebAPI\WebAPI.csproj", "{B69C1F72-038D-434F-86E5-9FA2D562BA03}"
EndProject
Global
	GlobalSection(SolutionConfigurationPlatforms) = preSolution
		Debug|Any CPU = Debug|Any CPU
		Release|Any CPU = Release|Any CPU
	EndGlobalSection
	GlobalSection(ProjectConfigurationPlatforms) = postSolution
		{63AEF578-D764-4B79-85D2-52F729FEB513}.Debug|Any CPU.ActiveCfg = Debug|Any CPU
		{63AEF578-D764-4B79-85D2-52F729FEB513}.Debug|Any CPU.Build.0 = Debug|Any CPU
		{63AEF578-D764-4B79-85D2-52F729FEB513}.Release|Any CPU.ActiveCfg = Release|Any CPU
		{63AEF578-D764-4B79-85D2-52F729FEB513}.Release|Any CPU.Build.0 = Release|Any CPU
		{46442C6B-13F2-4982-B91E-62296A45E9FE}.Debug|Any CPU.ActiveCfg = Debug|Any CPU
		{46442C6B-13F2-4982-B91E-62296A45E9FE}.Debug|Any CPU.Build.0 = Debug|Any CPU
		{46442C6B-13F2-4982-B91E-62296A45E9FE}.Release|Any CPU.ActiveCfg = Release|Any CPU
		{46442C6B-13F2-4982-B91E-62296A45E9FE}.Release|Any CPU.Build.0 = Release|Any CPU
		{C92E8AE8-3E27-4991-97A0-E5A91C79CDD9}.Debug|Any CPU.ActiveCfg = Debug|Any CPU
		{C92E8AE8-3E27-4991-97A0-E5A91C79CDD9}.Debug|Any CPU.Build.0 = Debug|Any CPU
		{C92E8AE8-3E27-4991-97A0-E5A91C79CDD9}.Release|Any CPU.ActiveCfg = Release|Any CPU
		{C92E8AE8-3E27-4991-97A0-E5A91C79CDD9}.Release|Any CPU.Build.0 = Release|Any CPU
		{4763E033-B061-4A5C-B01D-B2FBBE564A2B}.Debug|Any CPU.ActiveCfg = Debug|Any CPU
		{4763E033-B061-4A5C-B01D-B2FBBE564A2B}.Debug|Any CPU.Build.0 = Debug|Any CPU
		{4763E033-B061-4A5C-B01D-B2FBBE564A2B}.Release|Any CPU.ActiveCfg = Release|Any CPU
		{4763E033-B061-4A5C-B01D-B2FBBE564A2B}.Release|Any CPU.Build.0 = Release|Any CPU
		{139BA7B2-21B2-411D-BB7E-99C21B9D0D77}.Debug|Any CPU.ActiveCfg = Debug|Any CPU
		{139BA7B2-21B2-411D-BB7E-99C21B9D0D77}.Debug|Any CPU.Build.0 = Debug|Any CPU
		{139BA7B2-21B2-411D-BB7E-99C21B9D0D77}.Release|Any CPU.ActiveCfg = Release|Any CPU
		{139BA7B2-21B2-411D-BB7E-99C21B9D0D77}.Release|Any CPU.Build.0 = Release|Any CPU
		{B69C1F72-038D-434F-86E5-9FA2D562BA03}.Debug|Any CPU.ActiveCfg = Debug|Any CPU
		{B69C1F72-038D-434F-86E5-9FA2D562BA03}.Debug|Any CPU.Build.0 = Debug|Any CPU
		{B69C1F72-038D-434F-86E5-9FA2D562BA03}.Release|Any CPU.ActiveCfg = Release|Any CPU
		{B69C1F72-038D-434F-86E5-9FA2D562BA03}.Release|Any CPU.Build.0 = Release|Any CPU
	EndGlobalSection
	GlobalSection(SolutionProperties) = preSolution
		HideSolutionNode = FALSE
	EndGlobalSection
	GlobalSection(ExtensibilityGlobals) = postSolution
		SolutionGuid = {1BCD6414-A901-4829-BDDB-AAA91D67A0C8}
	EndGlobalSection
EndGlobal
